# This file is autogenerated, do not edit; changes may be undone by the next 'dep ensure'.


[[projects]]
  branch = "master"
  name = "github.com/btcsuite/btcd"
  packages = [
    "btcec",
    "chaincfg",
    "chaincfg/chainhash",
    "wire"
  ]
  revision = "86fed781132ac890ee03e906e4ecd5d6fa180c64"

[[projects]]
  branch = "master"
  name = "github.com/btcsuite/btcutil"
  packages = [
    ".",
    "base58",
    "bech32",
    "hdkeychain"
  ]
  revision = "d4cc87b860166d00d6b5b9e0d3b3d71d6088d4d4"

[[projects]]
  branch = "master"
  name = "golang.org/x/crypto"
  packages = ["ripemd160"]
  revision = "a49355c7e3f8fe157a85be2f77e6e269a0f89602"

[solve-meta]
  analyzer-name = "dep"
  analyzer-version = 1
  inputs-digest = "9a4508ce89b0dda0b08651a30a23f96cf690e9aea80196203ca9e6f71badb0ec"
  solver-name = "gps-cdcl"
  solver-version = 1
